Microsoft Visual Studio Solution File, Format Version 12.00
# Visual Studio Version 17
VisualStudioVersion = 17.5.2.0
MinimumVisualStudioVersion = 10.0.40219.1
Project("{FAE04EC0-301F-11D3-BF4B-00C04F79EFBC}") = "Mod8", "Mod8\Mod8.csproj", "{BFBA6338-A9B2-5B83-2FAE-00DFD0E68F5D}"
EndProject
Global
	GlobalSection(SolutionConfigurationPlatforms) = preSolution
		Debug|Any CPU = Debug|Any CPU
		Release|Any CPU = Release|Any CPU
	EndGlobalSection
	GlobalSection(ProjectConfigurationPlatforms) = postSolution
		{BFBA6338-A9B2-5B83-2FAE-00DFD0E68F5D}.Debug|Any CPU.ActiveCfg = Debug|Any CPU
		{BFBA6338-A9B2-5B83-2FAE-00DFD0E68F5D}.Debug|Any CPU.Build.0 = Debug|Any CPU
		{BFBA6338-A9B2-5B83-2FAE-00DFD0E68F5D}.Release|Any CPU.ActiveCfg = Release|Any CPU
		{BFBA6338-A9B2-5B83-2FAE-00DFD0E68F5D}.Release|Any CPU.Build.0 = Release|Any CPU
	EndGlobalSection
	GlobalSection(SolutionProperties) = preSolution
		HideSolutionNode = FALSE
	EndGlobalSection
	GlobalSection(ExtensibilityGlobals) = postSolution
		SolutionGuid = {0D185BD8-E1D1-471C-85FF-B8CF1D34421A}
	EndGlobalSection
EndGlobal
